// !$*UTF8*$!
{
	archiveVersion = 1;
	classes = {
	};
	objectVersion = 50;
	objects = {

/* Begin PBXBuildFile section */
		149A713C1CC799F73B11945F /* Assets+Manual.swift in Sources */ = {isa = PBXBuildFile; fileRef = D299C680185901460446C838 /* Assets+Manual.swift */; };
		3161B183AACF99DA36434070 /* ViewController.swift in Sources */ = {isa = PBXBuildFile; fileRef = 91F47BB87CA4957EBED07D11 /* ViewController.swift */; };
		4203012D7B1F4ED659666C86 /* Bundle+Manual.swift in Sources */ = {isa = PBXBuildFile; fileRef = 7345A1144F13C2AFF0F1CA52 /* Bundle+Manual.swift */; };
		5EC414FA5F3112920F98423A /* ManualUITests.swift in Sources */ = {isa = PBXBuildFile; fileRef = 81CF905ED2BA20D5BC1779C5 /* ManualUITests.swift */; };
		6CF185A058F3D071E54DCE18 /* LaunchScreen.storyboard in Resources */ = {isa = PBXBuildFile; fileRef = A6139BDD643ADCE7A1473322 /* LaunchScreen.storyboard */; };
		8947A381A832933128724171 /* AppDelegate.swift in Sources */ = {isa = PBXBuildFile; fileRef = 880F87A2CDEB11F0B6EAF6AC /* AppDelegate.swift */; };
		A90334A28DFE1E0029334DF4 /* SceneDelegate.swift in Sources */ = {isa = PBXBuildFile; fileRef = CEFBABBADBE213EE6D9076FB /* SceneDelegate.swift */; };
		F501D5F409D9F885CBD86B36 /* Main.storyboard in Resources */ = {isa = PBXBuildFile; fileRef = 1A2BDC1E0C75F96BD3B2796E /* Main.storyboard */; };
		F9D4D49BD5E769987B13FB4D /* ManualTests.swift in Sources */ = {isa = PBXBuildFile; fileRef = D894BBD9F66E2F32CBB7986F /* ManualTests.swift */; };
		FB775AC194065F3E4101450E /* Assets.xcassets in Resources */ = {isa = PBXBuildFile; fileRef = DC0D5B931357074AF93EE4E9 /* Assets.xcassets */; };
/* End PBXBuildFile section */

/* Begin PBXContainerItemProxy section */
		4C61993EA15E2CF7898D10BB /* PBXContainerItemProxy */ = {
			isa = PBXContainerItemProxy;
			containerPortal = D1B855EF194277DD635C5E4A /* Project object */;
			proxyType = 1;
			remoteGlobalIDString = C340DDA5DE906DE22FD2E31A;
			remoteInfo = Manual;
		};
		D9DF333229C32B23E64F00FA /* PBXContainerItemProxy */ = {
			isa = PBXContainerItemProxy;
			containerPortal = D1B855EF194277DD635C5E4A /* Project object */;
			proxyType = 1;
			remoteGlobalIDString = C340DDA5DE906DE22FD2E31A;
			remoteInfo = Manual;
		};
/* End PBXContainerItemProxy section */

/* Begin PBXCopyFilesBuildPhase section */
		631F64BB4AB910615ECE0467 /* Embed Frameworks */ = {
			isa = PBXCopyFilesBuildPhase;
			buildActionMask = 2147483647;
			dstPath = "";
			dstSubfolderSpec = 10;
			files = (
			);
			name = "Embed Frameworks";
			runOnlyForDeploymentPostprocessing = 0;
		};
		6FE65D600CDE7208C4FF0E92 /* Embed Frameworks */ = {
			isa = PBXCopyFilesBuildPhase;
			buildActionMask = 2147483647;
			dstPath = "";
			dstSubfolderSpec = 10;
			files = (
			);
			name = "Embed Frameworks";
			runOnlyForDeploymentPostprocessing = 0;
		};
		91E17F13B6F1590158B1360D /* Embed Frameworks */ = {
			isa = PBXCopyFilesBuildPhase;
			buildActionMask = 2147483647;
			dstPath = "";
			dstSubfolderSpec = 10;
			files = (
			);
			name = "Embed Frameworks";
			runOnlyForDeploymentPostprocessing = 0;
		};
/* End PBXCopyFilesBuildPhase section */

/* Begin PBXFileReference section */
		3262ED628F61BE590525B6FF /* Info.plist */ = {isa = PBXFileReference; lastKnownFileType = text.plist; path = Info.plist; sourceTree = "<group>"; };
		7076772EE29E3502EB8F537C /* Manual.app */ = {isa = PBXFileReference; explicitFileType = wrapper.application; includeInIndex = 0; path = Manual.app; sourceTree = BUILT_PRODUCTS_DIR; };
		7345A1144F13C2AFF0F1CA52 /* Bundle+Manual.swift */ = {isa = PBXFileReference; lastKnownFileType = sourcecode.swift; path = "Bundle+Manual.swift"; sourceTree = "<group>"; };
		807E9109E3B54C002D60AD17 /* Base */ = {isa = PBXFileReference; lastKnownFileType = file.storyboard; name = Base; path = Base.lproj/LaunchScreen.storyboard; sourceTree = "<group>"; };
		80FD6E02D27E47B88AF881A1 /* Info.plist */ = {isa = PBXFileReference; lastKnownFileType = text.plist; path = Info.plist; sourceTree = "<group>"; };
		81CF905ED2BA20D5BC1779C5 /* ManualUITests.swift */ = {isa = PBXFileReference; lastKnownFileType = sourcecode.swift; path = ManualUITests.swift; sourceTree = "<group>"; };
		880F87A2CDEB11F0B6EAF6AC /* AppDelegate.swift */ = {isa = PBXFileReference; lastKnownFileType = sourcecode.swift; path = AppDelegate.swift; sourceTree = "<group>"; };
		8BDC9103D8FDB4B78D8F4CC3 /* ManualTests.xctest */ = {isa = PBXFileReference; explicitFileType = wrapper.cfbundle; includeInIndex = 0; path = ManualTests.xctest; sourceTree = BUILT_PRODUCTS_DIR; };
		91F47BB87CA4957EBED07D11 /* ViewController.swift */ = {isa = PBXFileReference; lastKnownFileType = sourcecode.swift; path = ViewController.swift; sourceTree = "<group>"; };
		9B3BB62B00B62BD51BF7409E /* Manual.xcconfig */ = {isa = PBXFileReference; lastKnownFileType = text.xcconfig; path = Manual.xcconfig; sourceTree = "<group>"; };
		AC13C5F95AE1563FC88DFDBB /* ManualUITests.xctest */ = {isa = PBXFileReference; explicitFileType = wrapper.cfbundle; includeInIndex = 0; path = ManualUITests.xctest; sourceTree = BUILT_PRODUCTS_DIR; };
		BCF2245851B54C86C50A56CC /* Base */ = {isa = PBXFileReference; lastKnownFileType = file.storyboard; name = Base; path = Base.lproj/Main.storyboard; sourceTree = "<group>"; };
		CEFBABBADBE213EE6D9076FB /* SceneDelegate.swift */ = {isa = PBXFileReference; lastKnownFileType = sourcecode.swift; path = SceneDelegate.swift; sourceTree = "<group>"; };
		D299C680185901460446C838 /* Assets+Manual.swift */ = {isa = PBXFileReference; lastKnownFileType = sourcecode.swift; path = "Assets+Manual.swift"; sourceTree = "<group>"; };
		D39690A029F794E7C2CFA968 /* Info.plist */ = {isa = PBXFileReference; lastKnownFileType = text.plist; path = Info.plist; sourceTree = "<group>"; };
		D894BBD9F66E2F32CBB7986F /* ManualTests.swift */ = {isa = PBXFileReference; lastKnownFileType = sourcecode.swift; path = ManualTests.swift; sourceTree = "<group>"; };
		DC0D5B931357074AF93EE4E9 /* Assets.xcassets */ = {isa = PBXFileReference; lastKnownFileType = folder.assetcatalog; path = Assets.xcassets; sourceTree = "<group>"; };
		E483E47592A3C2A54C8B44A2 /* ManualProject.xcconfig */ = {isa = PBXFileReference; lastKnownFileType = text.xcconfig; path = ManualProject.xcconfig; sourceTree = "<group>"; };
/* End PBXFileReference section */

/* Begin PBXFrameworksBuildPhase section */
		4E2E8E33FCB0892EF384A485 /* Frameworks */ = {
			isa = PBXFrameworksBuildPhase;
			buildActionMask = 2147483647;
			files = (
			);
			runOnlyForDeploymentPostprocessing = 0;
		};
		B6FE5999E0B0F3834CFA088F /* Frameworks */ = {
			isa = PBXFrameworksBuildPhase;
			buildActionMask = 2147483647;
			files = (
			);
			runOnlyForDeploymentPostprocessing = 0;
		};
		FF70D0CC6902925100FF1F39 /* Frameworks */ = {
			isa = PBXFrameworksBuildPhase;
			buildActionMask = 2147483647;
			files = (
			);
			runOnlyForDeploymentPostprocessing = 0;
		};
/* End PBXFrameworksBuildPhase section */

/* Begin PBXGroup section */
		038AF96BDF702D5D2DDAA651 /* ManualUITests */ = {
			isa = PBXGroup;
			children = (
				763D5FB960A740117AC5D496 /* Tests */,
				80FD6E02D27E47B88AF881A1 /* Info.plist */,
			);
			path = ManualUITests;
			sourceTree = "<group>";
		};
		0BA61412F10C7BE97AFBF139 = {
			isa = PBXGroup;
			children = (
				EB0099D4A5BAC97191C8244B /* Project */,
				A5770045AAB1AD92381F17CF /* Frameworks */,
				F7FED795424B2AD15D8D1D64 /* Products */,
			);
			sourceTree = "<group>";
		};
		6094414A4159199B096C04FF /* ManualTests */ = {
			isa = PBXGroup;
			children = (
				7576645768B98E79CF1CC21A /* Tests */,
				D39690A029F794E7C2CFA968 /* Info.plist */,
			);
			path = ManualTests;
			sourceTree = "<group>";
		};
		65AF8ABFF797C839B57043A1 /* Resources */ = {
			isa = PBXGroup;
			children = (
				A6139BDD643ADCE7A1473322 /* LaunchScreen.storyboard */,
				1A2BDC1E0C75F96BD3B2796E /* Main.storyboard */,
				DC0D5B931357074AF93EE4E9 /* Assets.xcassets */,
			);
			path = Resources;
			sourceTree = "<group>";
		};
		7576645768B98E79CF1CC21A /* Tests */ = {
			isa = PBXGroup;
			children = (
				D894BBD9F66E2F32CBB7986F /* ManualTests.swift */,
			);
			path = Tests;
			sourceTree = "<group>";
		};
		763D5FB960A740117AC5D496 /* Tests */ = {
			isa = PBXGroup;
			children = (
				81CF905ED2BA20D5BC1779C5 /* ManualUITests.swift */,
			);
			path = Tests;
			sourceTree = "<group>";
		};
		A5770045AAB1AD92381F17CF /* Frameworks */ = {
			isa = PBXGroup;
			children = (
			);
			name = Frameworks;
			sourceTree = "<group>";
		};
		BAF3171242DFBD03677390D9 /* Derived */ = {
			isa = PBXGroup;
			children = (
				D18547561CAF26A7599A8761 /* Sources */,
			);
			path = Derived;
			sourceTree = "<group>";
		};
		BC8B462AA7595EE6459141BA /* Sources */ = {
			isa = PBXGroup;
			children = (
				880F87A2CDEB11F0B6EAF6AC /* AppDelegate.swift */,
				CEFBABBADBE213EE6D9076FB /* SceneDelegate.swift */,
				91F47BB87CA4957EBED07D11 /* ViewController.swift */,
			);
			path = Sources;
			sourceTree = "<group>";
		};
		BFE54EAA042B4669A4858A43 /* Manual */ = {
			isa = PBXGroup;
			children = (
				65AF8ABFF797C839B57043A1 /* Resources */,
				BC8B462AA7595EE6459141BA /* Sources */,
				3262ED628F61BE590525B6FF /* Info.plist */,
			);
			path = Manual;
			sourceTree = "<group>";
		};
		D18547561CAF26A7599A8761 /* Sources */ = {
			isa = PBXGroup;
			children = (
				D299C680185901460446C838 /* Assets+Manual.swift */,
				7345A1144F13C2AFF0F1CA52 /* Bundle+Manual.swift */,
			);
			path = Sources;
			sourceTree = "<group>";
		};
		EB0099D4A5BAC97191C8244B /* Project */ = {
			isa = PBXGroup;
			children = (
				BAF3171242DFBD03677390D9 /* Derived */,
				BFE54EAA042B4669A4858A43 /* Manual */,
				6094414A4159199B096C04FF /* ManualTests */,
				038AF96BDF702D5D2DDAA651 /* ManualUITests */,
				9B3BB62B00B62BD51BF7409E /* Manual.xcconfig */,
				E483E47592A3C2A54C8B44A2 /* ManualProject.xcconfig */,
			);
			name = Project;
			sourceTree = "<group>";
		};
		F7FED795424B2AD15D8D1D64 /* Products */ = {
			isa = PBXGroup;
			children = (
				7076772EE29E3502EB8F537C /* Manual.app */,
				8BDC9103D8FDB4B78D8F4CC3 /* ManualTests.xctest */,
				AC13C5F95AE1563FC88DFDBB /* ManualUITests.xctest */,
			);
			name = Products;
			sourceTree = "<group>";
		};
/* End PBXGroup section */

/* Begin PBXNativeTarget section */
		5530E61C89766669AC8901EC /* ManualUITests */ = {
			isa = PBXNativeTarget;
			buildConfigurationList = E914B9274D936066273CFF5B /* Build configuration list for PBXNativeTarget "ManualUITests" */;
			buildPhases = (
				201E8E3096FC6CC4A9662710 /* Sources */,
				166F5C0B41471C5D8D7D593F /* Resources */,
				7A2A12A14311D5406E17AB10 /* Embed Precompiled Frameworks */,
				6FE65D600CDE7208C4FF0E92 /* Embed Frameworks */,
				4E2E8E33FCB0892EF384A485 /* Frameworks */,
			);
			buildRules = (
			);
			dependencies = (
				571EF00C3416AFA33AE03522 /* PBXTargetDependency */,
			);
			name = ManualUITests;
			productName = ManualUITests;
			productReference = AC13C5F95AE1563FC88DFDBB /* ManualUITests.xctest */;
			productType = "com.apple.product-type.bundle.ui-testing";
		};
		C340DDA5DE906DE22FD2E31A /* Manual */ = {
			isa = PBXNativeTarget;
			buildConfigurationList = 357184C7D8A8286354C0FFBD /* Build configuration list for PBXNativeTarget "Manual" */;
			buildPhases = (
				44263A620044AAAC20ADCA02 /* Sources */,
				26099CC78769885D99EE752C /* Resources */,
				9EB021DE79A5B3944592B8CA /* Embed Precompiled Frameworks */,
				631F64BB4AB910615ECE0467 /* Embed Frameworks */,
				B6FE5999E0B0F3834CFA088F /* Frameworks */,
			);
			buildRules = (
			);
			dependencies = (
			);
			name = Manual;
			productName = Manual;
			productReference = 7076772EE29E3502EB8F537C /* Manual.app */;
			productType = "com.apple.product-type.application";
		};
		DBC6C1B94DEBA0BF30405A2C /* ManualTests */ = {
			isa = PBXNativeTarget;
			buildConfigurationList = 324194432237BBAF1C3791C3 /* Build configuration list for PBXNativeTarget "ManualTests" */;
			buildPhases = (
				2DFC4537D7DAB5208CD6701E /* Sources */,
				BB51348B2F15A94A7A69FF09 /* Resources */,
				44A3F5790D5EE49E784DD54C /* Embed Precompiled Frameworks */,
				91E17F13B6F1590158B1360D /* Embed Frameworks */,
				FF70D0CC6902925100FF1F39 /* Frameworks */,
			);
			buildRules = (
			);
			dependencies = (
				1ABAD9646DE510010D451940 /* PBXTargetDependency */,
			);
			name = ManualTests;
			productName = ManualTests;
			productReference = 8BDC9103D8FDB4B78D8F4CC3 /* ManualTests.xctest */;
			productType = "com.apple.product-type.bundle.unit-test";
		};
/* End PBXNativeTarget section */

/* Begin PBXProject section */
		D1B855EF194277DD635C5E4A /* Project object */ = {
			isa = PBXProject;
			attributes = {
				ORGANIZATIONNAME = com.bonoogi;
				TargetAttributes = {
					5530E61C89766669AC8901EC = {
						TestTargetID = C340DDA5DE906DE22FD2E31A;
					};
					DBC6C1B94DEBA0BF30405A2C = {
						TestTargetID = C340DDA5DE906DE22FD2E31A;
					};
				};
			};
			buildConfigurationList = E2A63227CD42B5E450CEF090 /* Build configuration list for PBXProject "Manual" */;
			compatibilityVersion = "Xcode 9.3";
			developmentRegion = en;
			hasScannedForEncodings = 0;
			knownRegions = (
				Base,
				en,
			);
			mainGroup = 0BA61412F10C7BE97AFBF139;
			productRefGroup = F7FED795424B2AD15D8D1D64 /* Products */;
			projectDirPath = "";
			projectRoot = "";
			targets = (
				C340DDA5DE906DE22FD2E31A /* Manual */,
				DBC6C1B94DEBA0BF30405A2C /* ManualTests */,
				5530E61C89766669AC8901EC /* ManualUITests */,
			);
		};
/* End PBXProject section */

/* Begin PBXResourcesBuildPhase section */
		166F5C0B41471C5D8D7D593F /* Resources */ = {
			isa = PBXResourcesBuildPhase;
			buildActionMask = 2147483647;
			files = (
			);
			runOnlyForDeploymentPostprocessing = 0;
		};
		26099CC78769885D99EE752C /* Resources */ = {
			isa = PBXResourcesBuildPhase;
			buildActionMask = 2147483647;
			files = (
				FB775AC194065F3E4101450E /* Assets.xcassets in Resources */,
				6CF185A058F3D071E54DCE18 /* LaunchScreen.storyboard in Resources */,
				F501D5F409D9F885CBD86B36 /* Main.storyboard in Resources */,
			);
			runOnlyForDeploymentPostprocessing = 0;
		};
		BB51348B2F15A94A7A69FF09 /* Resources */ = {
			isa = PBXResourcesBuildPhase;
			buildActionMask = 2147483647;
			files = (
			);
			runOnlyForDeploymentPostprocessing = 0;
		};
/* End PBXResourcesBuildPhase section */

/* Begin PBXShellScriptBuildPhase section */
		44A3F5790D5EE49E784DD54C /* Embed Precompiled Frameworks */ = {
			isa = PBXShellScriptBuildPhase;
			buildActionMask = 2147483647;
			files = (
			);
			inputPaths = (
			);
			name = "Embed Precompiled Frameworks";
			outputPaths = (
			);
			runOnlyForDeploymentPostprocessing = 0;
			shellPath = /bin/sh;
			shellScript = "echo \"Skipping, nothing to be embedded.\"";
		};
		7A2A12A14311D5406E17AB10 /* Embed Precompiled Frameworks */ = {
			isa = PBXShellScriptBuildPhase;
			buildActionMask = 2147483647;
			files = (
			);
			inputPaths = (
			);
			name = "Embed Precompiled Frameworks";
			outputPaths = (
			);
			runOnlyForDeploymentPostprocessing = 0;
			shellPath = /bin/sh;
			shellScript = "echo \"Skipping, nothing to be embedded.\"";
		};
		9EB021DE79A5B3944592B8CA /* Embed Precompiled Frameworks */ = {
			isa = PBXShellScriptBuildPhase;
			buildActionMask = 2147483647;
			files = (
			);
			inputPaths = (
			);
			name = "Embed Precompiled Frameworks";
			outputPaths = (
			);
			runOnlyForDeploymentPostprocessing = 0;
			shellPath = /bin/sh;
			shellScript = "echo \"Skipping, nothing to be embedded.\"";
		};
/* End PBXShellScriptBuildPhase section */

/* Begin PBXSourcesBuildPhase section */
		201E8E3096FC6CC4A9662710 /* Sources */ = {
			isa = PBXSourcesBuildPhase;
			buildActionMask = 2147483647;
			files = (
				5EC414FA5F3112920F98423A /* ManualUITests.swift in Sources */,
			);
			runOnlyForDeploymentPostprocessing = 0;
		};
		2DFC4537D7DAB5208CD6701E /* Sources */ = {
			isa = PBXSourcesBuildPhase;
			buildActionMask = 2147483647;
			files = (
				F9D4D49BD5E769987B13FB4D /* ManualTests.swift in Sources */,
			);
			runOnlyForDeploymentPostprocessing = 0;
		};
		44263A620044AAAC20ADCA02 /* Sources */ = {
			isa = PBXSourcesBuildPhase;
			buildActionMask = 2147483647;
			files = (
				149A713C1CC799F73B11945F /* Assets+Manual.swift in Sources */,
				4203012D7B1F4ED659666C86 /* Bundle+Manual.swift in Sources */,
				8947A381A832933128724171 /* AppDelegate.swift in Sources */,
				A90334A28DFE1E0029334DF4 /* SceneDelegate.swift in Sources */,
				3161B183AACF99DA36434070 /* ViewController.swift in Sources */,
			);
			runOnlyForDeploymentPostprocessing = 0;
		};
/* End PBXSourcesBuildPhase section */

/* Begin PBXTargetDependency section */
		1ABAD9646DE510010D451940 /* PBXTargetDependency */ = {
			isa = PBXTargetDependency;
			name = Manual;
			target = C340DDA5DE906DE22FD2E31A /* Manual */;
			targetProxy = 4C61993EA15E2CF7898D10BB /* PBXContainerItemProxy */;
		};
		571EF00C3416AFA33AE03522 /* PBXTargetDependency */ = {
			isa = PBXTargetDependency;
			name = Manual;
			target = C340DDA5DE906DE22FD2E31A /* Manual */;
			targetProxy = D9DF333229C32B23E64F00FA /* PBXContainerItemProxy */;
		};
/* End PBXTargetDependency section */

/* Begin PBXVariantGroup section */
		1A2BDC1E0C75F96BD3B2796E /* Main.storyboard */ = {
			isa = PBXVariantGroup;
			children = (
				BCF2245851B54C86C50A56CC /* Base */,
			);
			name = Main.storyboard;
			sourceTree = "<group>";
		};
		A6139BDD643ADCE7A1473322 /* LaunchScreen.storyboard */ = {
			isa = PBXVariantGroup;
			children = (
				807E9109E3B54C002D60AD17 /* Base */,
			);
			name = LaunchScreen.storyboard;
			sourceTree = "<group>";
		};
/* End PBXVariantGroup section */

/* Begin XCBuildConfiguration section */
		1ED4782579AC60EC39A3110A /* Debug */ = {
			isa = XCBuildConfiguration;
			buildSettings = {
				BUNDLE_LOADER = "$(TEST_HOST)";
				CODE_SIGN_IDENTITY = "iPhone Developer";
				INFOPLIST_FILE = ManualTests/Info.plist;
				LD_RUNPATH_SEARCH_PATHS = (
					"$(inherited)",
					"@executable_path/Frameworks",
					"@loader_path/Frameworks",
				);
				PRODUCT_BUNDLE_IDENTIFIER = com.bonoogi.manual;
				PRODUCT_NAME = ManualTests;
				SDKROOT = iphoneos;
				SUPPORTED_PLATFORMS = "iphonesimulator iphoneos";
				SWIFT_ACTIVE_COMPILATION_CONDITIONS = DEBUG;
				SWIFT_COMPILATION_MODE = singlefile;
				SWIFT_OPTIMIZATION_LEVEL = "-Onone";
				SWIFT_VERSION = 5.4.2;
				TARGETED_DEVICE_FAMILY = "1,2";
				TEST_HOST = "$(BUILT_PRODUCTS_DIR)/Manual.app/Manual";
				TEST_TARGET_NAME = Manual;
			};
			name = Debug;
		};
		20BC7BBAF0CA8AF1C5CB3981 /* Debug */ = {
			isa = XCBuildConfiguration;
			baseConfigurationReference = E483E47592A3C2A54C8B44A2 /* ManualProject.xcconfig */;
			buildSettings = {
				ALWAYS_SEARCH_USER_PATHS = NO;
				CLANG_ANALYZER_NONNULL = YES;
				CLANG_ANALYZER_NUMBER_OBJECT_CONVERSION = YES_AGGRESSIVE;
				CLANG_CXX_LANGUAGE_STANDARD = "gnu++14";
				CLANG_CXX_LIBRARY = "libc++";
				CLANG_ENABLE_MODULES = YES;
				CLANG_ENABLE_OBJC_ARC = YES;
				CLANG_ENABLE_OBJC_WEAK = YES;
				CLANG_WARN_BLOCK_CAPTURE_AUTORELEASING = YES;
				CLANG_WARN_BOOL_CONVERSION = YES;
				CLANG_WARN_COMMA = YES;
				CLANG_WARN_CONSTANT_CONVERSION = YES;
				CLANG_WARN_DEPRECATED_OBJC_IMPLEMENTATIONS = YES;
				CLANG_WARN_DIRECT_OBJC_ISA_USAGE = YES_ERROR;
				CLANG_WARN_DOCUMENTATION_COMMENTS = YES;
				CLANG_WARN_EMPTY_BODY = YES;
				CLANG_WARN_ENUM_CONVERSION = YES;
				CLANG_WARN_INFINITE_RECURSION = YES;
				CLANG_WARN_INT_CONVERSION = YES;
				CLANG_WARN_NON_LITERAL_NULL_CONVERSION = YES;
				CLANG_WARN_OBJC_IMPLICIT_RETAIN_SELF = YES;
				CLANG_WARN_OBJC_LITERAL_CONVERSION = YES;
				CLANG_WARN_OBJC_ROOT_CLASS = YES_ERROR;
				CLANG_WARN_QUOTED_INCLUDE_IN_FRAMEWORK_HEADER = YES;
				CLANG_WARN_RANGE_LOOP_ANALYSIS = YES;
				CLANG_WARN_STRICT_PROTOTYPES = YES;
				CLANG_WARN_SUSPICIOUS_MOVE = YES;
				CLANG_WARN_UNGUARDED_AVAILABILITY = YES_AGGRESSIVE;
				CLANG_WARN_UNREACHABLE_CODE = YES;
				CLANG_WARN__DUPLICATE_METHOD_MATCH = YES;
				COPY_PHASE_STRIP = NO;
				DEBUG_INFORMATION_FORMAT = dwarf;
				ENABLE_STRICT_OBJC_MSGSEND = YES;
				ENABLE_TESTABILITY = YES;
				GCC_C_LANGUAGE_STANDARD = gnu11;
				GCC_DYNAMIC_NO_PIC = NO;
				GCC_NO_COMMON_BLOCKS = YES;
				GCC_OPTIMIZATION_LEVEL = 0;
				GCC_PREPROCESSOR_DEFINITIONS = (
					"DEBUG=1",
					"$(inherited)",
				);
				GCC_WARN_64_TO_32_BIT_CONVERSION = YES;
				GCC_WARN_ABOUT_RETURN_TYPE = YES_ERROR;
				GCC_WARN_UNDECLARED_SELECTOR = YES;
				GCC_WARN_UNINITIALIZED_AUTOS = YES_AGGRESSIVE;
				GCC_WARN_UNUSED_FUNCTION = YES;
				GCC_WARN_UNUSED_VARIABLE = YES;
				MTL_ENABLE_DEBUG_INFO = YES;
				ONLY_ACTIVE_ARCH = YES;
				PRODUCT_NAME = "$(TARGET_NAME)";
			};
			name = Debug;
		};
		31868E9DBE73CE90DDA475CF /* Debug */ = {
			isa = XCBuildConfiguration;
			buildSettings = {
				CODE_SIGN_IDENTITY = "iPhone Developer";
				INFOPLIST_FILE = ManualUITests/Info.plist;
				LD_RUNPATH_SEARCH_PATHS = (
					"$(inherited)",
					"@executable_path/Frameworks",
					"@loader_path/Frameworks",
				);
				PRODUCT_BUNDLE_IDENTIFIER = com.bonoogi.manual;
				PRODUCT_NAME = ManualUITests;
				SDKROOT = iphoneos;
				SUPPORTED_PLATFORMS = "iphonesimulator iphoneos";
				SWIFT_ACTIVE_COMPILATION_CONDITIONS = DEBUG;
				SWIFT_COMPILATION_MODE = singlefile;
				SWIFT_OPTIMIZATION_LEVEL = "-Onone";
				SWIFT_VERSION = 5.4.2;
				TARGETED_DEVICE_FAMILY = "1,2";
				TEST_TARGET_NAME = Manual;
			};
			name = Debug;
		};
		480D2463B1863EB10C8D8538 /* Debug */ = {
			isa = XCBuildConfiguration;
			baseConfigurationReference = 9B3BB62B00B62BD51BF7409E /* Manual.xcconfig */;
			buildSettings = {
				ASSETCATALOG_COMPILER_APPICON_NAME = AppIcon;
				CODE_SIGN_IDENTITY = "iPhone Developer";
				ENABLE_PREVIEWS = YES;
				INFOPLIST_FILE = Manual/Info.plist;
				LD_RUNPATH_SEARCH_PATHS = (
					"$(inherited)",
					"@executable_path/Frameworks",
				);
				PRODUCT_BUNDLE_IDENTIFIER = com.bonoogi.manual;
				PRODUCT_NAME = Manual;
				SDKROOT = iphoneos;
				SUPPORTED_PLATFORMS = "iphonesimulator iphoneos";
				SWIFT_ACTIVE_COMPILATION_CONDITIONS = DEBUG;
				SWIFT_COMPILATION_MODE = singlefile;
				SWIFT_OPTIMIZATION_LEVEL = "-Onone";
				SWIFT_VERSION = 5.4.2;
				TARGETED_DEVICE_FAMILY = "1,2";
			};
			name = Debug;
		};
		62F5CD4D81601907D267906E /* Release */ = {
			isa = XCBuildConfiguration;
			buildSettings = {
				BUNDLE_LOADER = "$(TEST_HOST)";
				CODE_SIGN_IDENTITY = "iPhone Developer";
				INFOPLIST_FILE = ManualTests/Info.plist;
				LD_RUNPATH_SEARCH_PATHS = (
					"$(inherited)",
					"@executable_path/Frameworks",
					"@loader_path/Frameworks",
				);
				PRODUCT_BUNDLE_IDENTIFIER = com.bonoogi.manual;
				PRODUCT_NAME = ManualTests;
				SDKROOT = iphoneos;
				SUPPORTED_PLATFORMS = "iphonesimulator iphoneos";
				SWIFT_COMPILATION_MODE = wholemodule;
				SWIFT_OPTIMIZATION_LEVEL = "-Owholemodule";
				SWIFT_VERSION = 5.4.2;
				TARGETED_DEVICE_FAMILY = "1,2";
				TEST_HOST = "$(BUILT_PRODUCTS_DIR)/Manual.app/Manual";
				TEST_TARGET_NAME = Manual;
			};
			name = Release;
		};
		77A38CCB8D148DF538C9268F /* Release */ = {
			isa = XCBuildConfiguration;
			baseConfigurationReference = E483E47592A3C2A54C8B44A2 /* ManualProject.xcconfig */;
			buildSettings = {
				ALWAYS_SEARCH_USER_PATHS = NO;
				CLANG_ANALYZER_NONNULL = YES;
				CLANG_ANALYZER_NUMBER_OBJECT_CONVERSION = YES_AGGRESSIVE;
				CLANG_CXX_LANGUAGE_STANDARD = "gnu++14";
				CLANG_CXX_LIBRARY = "libc++";
				CLANG_ENABLE_MODULES = YES;
				CLANG_ENABLE_OBJC_ARC = YES;
				CLANG_ENABLE_OBJC_WEAK = YES;
				CLANG_WARN_BLOCK_CAPTURE_AUTORELEASING = YES;
				CLANG_WARN_BOOL_CONVERSION = YES;
				CLANG_WARN_COMMA = YES;
				CLANG_WARN_CONSTANT_CONVERSION = YES;
				CLANG_WARN_DEPRECATED_OBJC_IMPLEMENTATIONS = YES;
				CLANG_WARN_DIRECT_OBJC_ISA_USAGE = YES_ERROR;
				CLANG_WARN_DOCUMENTATION_COMMENTS = YES;
				CLANG_WARN_EMPTY_BODY = YES;
				CLANG_WARN_ENUM_CONVERSION = YES;
				CLANG_WARN_INFINITE_RECURSION = YES;
				CLANG_WARN_INT_CONVERSION = YES;
				CLANG_WARN_NON_LITERAL_NULL_CONVERSION = YES;
				CLANG_WARN_OBJC_IMPLICIT_RETAIN_SELF = YES;
				CLANG_WARN_OBJC_LITERAL_CONVERSION = YES;
				CLANG_WARN_OBJC_ROOT_CLASS = YES_ERROR;
				CLANG_WARN_QUOTED_INCLUDE_IN_FRAMEWORK_HEADER = YES;
				CLANG_WARN_RANGE_LOOP_ANALYSIS = YES;
				CLANG_WARN_STRICT_PROTOTYPES = YES;
				CLANG_WARN_SUSPICIOUS_MOVE = YES;
				CLANG_WARN_UNGUARDED_AVAILABILITY = YES_AGGRESSIVE;
				CLANG_WARN_UNREACHABLE_CODE = YES;
				CLANG_WARN__DUPLICATE_METHOD_MATCH = YES;
				COPY_PHASE_STRIP = NO;
				DEBUG_INFORMATION_FORMAT = "dwarf-with-dsym";
				ENABLE_NS_ASSERTIONS = NO;
				ENABLE_STRICT_OBJC_MSGSEND = YES;
				GCC_C_LANGUAGE_STANDARD = gnu11;
				GCC_NO_COMMON_BLOCKS = YES;
				GCC_WARN_64_TO_32_BIT_CONVERSION = YES;
				GCC_WARN_ABOUT_RETURN_TYPE = YES_ERROR;
				GCC_WARN_UNDECLARED_SELECTOR = YES;
				GCC_WARN_UNINITIALIZED_AUTOS = YES_AGGRESSIVE;
				GCC_WARN_UNUSED_FUNCTION = YES;
				GCC_WARN_UNUSED_VARIABLE = YES;
				MTL_ENABLE_DEBUG_INFO = NO;
				PRODUCT_NAME = "$(TARGET_NAME)";
				VALIDATE_PRODUCT = YES;
			};
			name = Release;
		};
		815C1FF166582706CEBCB657 /* Release */ = {
			isa = XCBuildConfiguration;
			baseConfigurationReference = 9B3BB62B00B62BD51BF7409E /* Manual.xcconfig */;
			buildSettings = {
				ASSETCATALOG_COMPILER_APPICON_NAME = AppIcon;
				CODE_SIGN_IDENTITY = "iPhone Developer";
				ENABLE_PREVIEWS = YES;
				INFOPLIST_FILE = Manual/Info.plist;
				LD_RUNPATH_SEARCH_PATHS = (
					"$(inherited)",
					"@executable_path/Frameworks",
				);
				PRODUCT_BUNDLE_IDENTIFIER = com.bonoogi.manual;
				PRODUCT_NAME = Manual;
				SDKROOT = iphoneos;
				SUPPORTED_PLATFORMS = "iphonesimulator iphoneos";
				SWIFT_COMPILATION_MODE = wholemodule;
				SWIFT_OPTIMIZATION_LEVEL = "-Owholemodule";
				SWIFT_VERSION = 5.4.2;
				TARGETED_DEVICE_FAMILY = "1,2";
			};
			name = Release;
		};
		CB8A3709BDFFDB47549881E1 /* Release */ = {
			isa = XCBuildConfiguration;
			buildSettings = {
				CODE_SIGN_IDENTITY = "iPhone Developer";
				INFOPLIST_FILE = ManualUITests/Info.plist;
				LD_RUNPATH_SEARCH_PATHS = (
					"$(inherited)",
					"@executable_path/Frameworks",
					"@loader_path/Frameworks",
				);
				PRODUCT_BUNDLE_IDENTIFIER = com.bonoogi.manual;
				PRODUCT_NAME = ManualUITests;
				SDKROOT = iphoneos;
				SUPPORTED_PLATFORMS = "iphonesimulator iphoneos";
				SWIFT_COMPILATION_MODE = wholemodule;
				SWIFT_OPTIMIZATION_LEVEL = "-Owholemodule";
				SWIFT_VERSION = 5.4.2;
				TARGETED_DEVICE_FAMILY = "1,2";
				TEST_TARGET_NAME = Manual;
			};
			name = Release;
		};
/* End XCBuildConfiguration section */

/* Begin XCConfigurationList section */
		324194432237BBAF1C3791C3 /* Build configuration list for PBXNativeTarget "ManualTests" */ = {
			isa = XCConfigurationList;
			buildConfigurations = (
				1ED4782579AC60EC39A3110A /* Debug */,
				62F5CD4D81601907D267906E /* Release */,
			);
			defaultConfigurationIsVisible = 0;
			defaultConfigurationName = Release;
		};
		357184C7D8A8286354C0FFBD /* Build configuration list for PBXNativeTarget "Manual" */ = {
			isa = XCConfigurationList;
			buildConfigurations = (
				480D2463B1863EB10C8D8538 /* Debug */,
				815C1FF166582706CEBCB657 /* Release */,
			);
			defaultConfigurationIsVisible = 0;
			defaultConfigurationName = Release;
		};
		E2A63227CD42B5E450CEF090 /* Build configuration list for PBXProject "Manual" */ = {
			isa = XCConfigurationList;
			buildConfigurations = (
				20BC7BBAF0CA8AF1C5CB3981 /* Debug */,
				77A38CCB8D148DF538C9268F /* Release */,
			);
			defaultConfigurationIsVisible = 0;
			defaultConfigurationName = Release;
		};
		E914B9274D936066273CFF5B /* Build configuration list for PBXNativeTarget "ManualUITests" */ = {
			isa = XCConfigurationList;
			buildConfigurations = (
				31868E9DBE73CE90DDA475CF /* Debug */,
				CB8A3709BDFFDB47549881E1 /* Release */,
			);
			defaultConfigurationIsVisible = 0;
			defaultConfigurationName = Release;
		};
/* End XCConfigurationList section */
	};
	rootObject = D1B855EF194277DD635C5E4A /* Project object */;
}
